// !$*UTF8*$!
{
	archiveVersion = 1;
	classes = {
	};
	objectVersion = 51;
	objects = {

/* Begin PBXBuildFile section */
		50CD2EAF114D875632A6996F /* Pods_SimpleClock.framework in Frameworks */ = {isa = PBXBuildFile; fileRef = 8F8521EACF02C14651296C82 /* Pods_SimpleClock.framework */; };
		E7B179AC2237F03000EDD1B7 /* AppDelegate.swift in Sources */ = {isa = PBXBuildFile; fileRef = E7B179AB2237F03000EDD1B7 /* AppDelegate.swift */; };
		E7B179AE2237F03000EDD1B7 /* ViewController.swift in Sources */ = {isa = PBXBuildFile; fileRef = E7B179AD2237F03000EDD1B7 /* ViewController.swift */; };
		E7B179B12237F03000EDD1B7 /* Main.storyboard in Resources */ = {isa = PBXBuildFile; fileRef = E7B179AF2237F03000EDD1B7 /* Main.storyboard */; };
		E7B179B32237F03100EDD1B7 /* Assets.xcassets in Resources */ = {isa = PBXBuildFile; fileRef = E7B179B22237F03100EDD1B7 /* Assets.xcassets */; };
		E7B179B62237F03100EDD1B7 /* LaunchScreen.storyboard in Resources */ = {isa = PBXBuildFile; fileRef = E7B179B42237F03100EDD1B7 /* LaunchScreen.storyboard */; };
		E7B179BE22381EB600EDD1B7 /* Hexcolor.swift in Sources */ = {isa = PBXBuildFile; fileRef = E7B179BD22381EB600EDD1B7 /* Hexcolor.swift */; };
/* End PBXBuildFile section */

/* Begin PBXFileReference section */
		11B22A38EC8C0EE00FA2F94E /* Pods-SimpleClock.release.xcconfig */ = {isa = PBXFileReference; includeInIndex = 1; lastKnownFileType = text.xcconfig; name = "Pods-SimpleClock.release.xcconfig"; path = "Pods/Target Support Files/Pods-SimpleClock/Pods-SimpleClock.release.xcconfig"; sourceTree = "<group>"; };
		8F8521EACF02C14651296C82 /* Pods_SimpleClock.framework */ = {isa = PBXFileReference; explicitFileType = wrapper.framework; includeInIndex = 0; path = Pods_SimpleClock.framework; sourceTree = BUILT_PRODUCTS_DIR; };
		E7B179A82237F03000EDD1B7 /* SimpleClock.app */ = {isa = PBXFileReference; explicitFileType = wrapper.application; includeInIndex = 0; path = SimpleClock.app; sourceTree = BUILT_PRODUCTS_DIR; };
		E7B179AB2237F03000EDD1B7 /* AppDelegate.swift */ = {isa = PBXFileReference; lastKnownFileType = sourcecode.swift; path = AppDelegate.swift; sourceTree = "<group>"; };
		E7B179AD2237F03000EDD1B7 /* ViewController.swift */ = {isa = PBXFileReference; lastKnownFileType = sourcecode.swift; path = ViewController.swift; sourceTree = "<group>"; };
		E7B179B02237F03000EDD1B7 /* Base */ = {isa = PBXFileReference; lastKnownFileType = file.storyboard; name = Base; path = Base.lproj/Main.storyboard; sourceTree = "<group>"; };
		E7B179B22237F03100EDD1B7 /* Assets.xcassets */ = {isa = PBXFileReference; lastKnownFileType = folder.assetcatalog; path = Assets.xcassets; sourceTree = "<group>"; };
		E7B179B52237F03100EDD1B7 /* Base */ = {isa = PBXFileReference; lastKnownFileType = file.storyboard; name = Base; path = Base.lproj/LaunchScreen.storyboard; sourceTree = "<group>"; };
		E7B179B72237F03100EDD1B7 /* Info.plist */ = {isa = PBXFileReference; lastKnownFileType = text.plist.xml; path = Info.plist; sourceTree = "<group>"; };
		E7B179BD22381EB600EDD1B7 /* Hexcolor.swift */ = {isa = PBXFileReference; lastKnownFileType = sourcecode.swift; path = Hexcolor.swift; sourceTree = "<group>"; };
		E7E0D150223963E3009736ED /* SimpleClock.entitlements */ = {isa = PBXFileReference; lastKnownFileType = text.plist.entitlements; path = SimpleClock.entitlements; sourceTree = "<group>"; };
		EF12868C8730D6104016B063 /* Pods-SimpleClock.debug.xcconfig */ = {isa = PBXFileReference; includeInIndex = 1; lastKnownFileType = text.xcconfig; name = "Pods-SimpleClock.debug.xcconfig"; path = "Pods/Target Support Files/Pods-SimpleClock/Pods-SimpleClock.debug.xcconfig"; sourceTree = "<group>"; };
/* End PBXFileReference section */

/* Begin PBXFrameworksBuildPhase section */
		E7B179A52237F03000EDD1B7 /* Frameworks */ = {
			isa = PBXFrameworksBuildPhase;
			buildActionMask = 2147483647;
			files = (
				50CD2EAF114D875632A6996F /* Pods_SimpleClock.framework in Frameworks */,
			);
			runOnlyForDeploymentPostprocessing = 0;
		};
/* End PBXFrameworksBuildPhase section */

/* Begin PBXGroup section */
		0C00B6216B52F1E958A01DA9 /* Pods */ = {
			isa = PBXGroup;
			children = (
				EF12868C8730D6104016B063 /* Pods-SimpleClock.debug.xcconfig */,
				11B22A38EC8C0EE00FA2F94E /* Pods-SimpleClock.release.xcconfig */,
			);
			name = Pods;
			sourceTree = "<group>";
		};
		182D1C30638F51141E266345 /* Frameworks */ = {
			isa = PBXGroup;
			children = (
				8F8521EACF02C14651296C82 /* Pods_SimpleClock.framework */,
			);
			name = Frameworks;
			sourceTree = "<group>";
		};
		E7B1799F2237F03000EDD1B7 = {
			isa = PBXGroup;
			children = (
				E7B179AA2237F03000EDD1B7 /* SimpleClock */,
				E7B179A92237F03000EDD1B7 /* Products */,
				0C00B6216B52F1E958A01DA9 /* Pods */,
				182D1C30638F51141E266345 /* Frameworks */,
			);
			sourceTree = "<group>";
		};
		E7B179A92237F03000EDD1B7 /* Products */ = {
			isa = PBXGroup;
			children = (
				E7B179A82237F03000EDD1B7 /* SimpleClock.app */,
			);
			name = Products;
			sourceTree = "<group>";
		};
		E7B179AA2237F03000EDD1B7 /* SimpleClock */ = {
			isa = PBXGroup;
			children = (
				E7E0D150223963E3009736ED /* SimpleClock.entitlements */,
				E7B179AB2237F03000EDD1B7 /* AppDelegate.swift */,
				E7B179AD2237F03000EDD1B7 /* ViewController.swift */,
				E7B179AF2237F03000EDD1B7 /* Main.storyboard */,
				E7B179BD22381EB600EDD1B7 /* Hexcolor.swift */,
				E7B179B22237F03100EDD1B7 /* Assets.xcassets */,
				E7B179B42237F03100EDD1B7 /* LaunchScreen.storyboard */,
				E7B179B72237F03100EDD1B7 /* Info.plist */,
			);
			path = SimpleClock;
			sourceTree = "<group>";
		};
/* End PBXGroup section */

/* Begin PBXNativeTarget section */
		E7B179A72237F03000EDD1B7 /* SimpleClock */ = {
			isa = PBXNativeTarget;
			buildConfigurationList = E7B179BA2237F03100EDD1B7 /* Build configuration list for PBXNativeTarget "SimpleClock" */;
			buildPhases = (
				725659BFE66E726F151016B2 /* [CP] Check Pods Manifest.lock */,
				E7B179A42237F03000EDD1B7 /* Sources */,
				E7B179A52237F03000EDD1B7 /* Frameworks */,
				E7B179A62237F03000EDD1B7 /* Resources */,
				8FC042D39A1F7AF0DF54E931 /* [CP] Embed Pods Frameworks */,
			);
			buildRules = (
			);
			dependencies = (
			);
			name = SimpleClock;
			productName = SimpleClock;
			productReference = E7B179A82237F03000EDD1B7 /* SimpleClock.app */;
			productType = "com.apple.product-type.application";
		};
/* End PBXNativeTarget section */

/* Begin PBXProject section */
		E7B179A02237F03000EDD1B7 /* Project object */ = {
			isa = PBXProject;
			attributes = {
				LastSwiftUpdateCheck = 1000;
				LastUpgradeCheck = 1000;
				ORGANIZATIONNAME = AlanG.;
				TargetAttributes = {
					E7B179A72237F03000EDD1B7 = {
						CreatedOnToolsVersion = 10.0;
						SystemCapabilities = {
							com.apple.ApplicationGroups.iOS = {
								enabled = 0;
							};
							com.apple.BackgroundModes = {
								enabled = 0;
							};
							com.apple.Keychain = {
								enabled = 0;
							};
							com.apple.WAC = {
								enabled = 0;
							};
						};
					};
				};
			};
			buildConfigurationList = E7B179A32237F03000EDD1B7 /* Build configuration list for PBXProject "SimpleClock" */;
			compatibilityVersion = "Xcode 9.3";
			developmentRegion = en;
			hasScannedForEncodings = 0;
			knownRegions = (
				en,
				Base,
			);
			mainGroup = E7B1799F2237F03000EDD1B7;
			productRefGroup = E7B179A92237F03000EDD1B7 /* Products */;
			projectDirPath = "";
			projectRoot = "";
			targets = (
				E7B179A72237F03000EDD1B7 /* SimpleClock */,
			);
		};
/* End PBXProject section */

/* Begin PBXResourcesBuildPhase section */
		E7B179A62237F03000EDD1B7 /* Resources */ = {
			isa = PBXResourcesBuildPhase;
			buildActionMask = 2147483647;
			files = (
				E7B179B62237F03100EDD1B7 /* LaunchScreen.storyboard in Resources */,
				E7B179B32237F03100EDD1B7 /* Assets.xcassets in Resources */,
				E7B179B12237F03000EDD1B7 /* Main.storyboard in Resources */,
			);
			runOnlyForDeploymentPostprocessing = 0;
		};
/* End PBXResourcesBuildPhase section */

/* Begin PBXShellScriptBuildPhase section */
		725659BFE66E726F151016B2 /* [CP] Check Pods Manifest.lock */ = {
			isa = PBXShellScriptBuildPhase;
			buildActionMask = 2147483647;
			files = (
			);
			inputPaths = (
				"${PODS_PODFILE_DIR_PATH}/Podfile.lock",
				"${PODS_ROOT}/Manifest.lock",
			);
			name = "[CP] Check Pods Manifest.lock";
			outputPaths = (
				"$(DERIVED_FILE_DIR)/Pods-SimpleClock-checkManifestLockResult.txt",
			);
			runOnlyForDeploymentPostprocessing = 0;
			shellPath = /bin/sh;
			shellScript = "diff \"${PODS_PODFILE_DIR_PATH}/Podfile.lock\" \"${PODS_ROOT}/Manifest.lock\" > /dev/null\nif [ $? != 0 ] ; then\n    # print error to STDERR\n    echo \"error: The sandbox is not in sync with the Podfile.lock. Run 'pod install' or update your CocoaPods installation.\" >&2\n    exit 1\nfi\n# This output is used by Xcode 'outputs' to avoid re-running this script phase.\necho \"SUCCESS\" > \"${SCRIPT_OUTPUT_FILE_0}\"\n";
			showEnvVarsInLog = 0;
		};
		8FC042D39A1F7AF0DF54E931 /* [CP] Embed Pods Frameworks */ = {
			isa = PBXShellScriptBuildPhase;
			buildActionMask = 2147483647;
			files = (
			);
			inputFileListPaths = (
				"${PODS_ROOT}/Target Support Files/Pods-SimpleClock/Pods-SimpleClock-frameworks-${CONFIGURATION}-input-files.xcfilelist",
			);
			name = "[CP] Embed Pods Frameworks";
			outputFileListPaths = (
				"${PODS_ROOT}/Target Support Files/Pods-SimpleClock/Pods-SimpleClock-frameworks-${CONFIGURATION}-output-files.xcfilelist",
			);
			runOnlyForDeploymentPostprocessing = 0;
			shellPath = /bin/sh;
			shellScript = "\"${PODS_ROOT}/Target Support Files/Pods-SimpleClock/Pods-SimpleClock-frameworks.sh\"\n";
			showEnvVarsInLog = 0;
		};
/* End PBXShellScriptBuildPhase section */

/* Begin PBXSourcesBuildPhase section */
		E7B179A42237F03000EDD1B7 /* Sources */ = {
			isa = PBXSourcesBuildPhase;
			buildActionMask = 2147483647;
			files = (
				E7B179AE2237F03000EDD1B7 /* ViewController.swift in Sources */,
				E7B179AC2237F03000EDD1B7 /* AppDelegate.swift in Sources */,
				E7B179BE22381EB600EDD1B7 /* Hexcolor.swift in Sources */,
			);
			runOnlyForDeploymentPostprocessing = 0;
		};
/* End PBXSourcesBuildPhase section */

/* Begin PBXVariantGroup section */
		E7B179AF2237F03000EDD1B7 /* Main.storyboard */ = {
			isa = PBXVariantGroup;
			children = (
				E7B179B02237F03000EDD1B7 /* Base */,
			);
			name = Main.storyboard;
			sourceTree = "<group>";
		};
		E7B179B42237F03100EDD1B7 /* LaunchScreen.storyboard */ = {
			isa = PBXVariantGroup;
			children = (
				E7B179B52237F03100EDD1B7 /* Base */,
			);
			name = LaunchScreen.storyboard;
			sourceTree = "<group>";
		};
/* End PBXVariantGroup section */

/* Begin XCBuildConfiguration section */
		E7B179B82237F03100EDD1B7 /* Debug */ = {
			isa = XCBuildConfiguration;
			buildSettings = {
				ALWAYS_SEARCH_USER_PATHS = NO;
				CLANG_ANALYZER_NONNULL = YES;
				CLANG_ANALYZER_NUMBER_OBJECT_CONVERSION = YES_AGGRESSIVE;
				CLANG_CXX_LANGUAGE_STANDARD = "gnu++14";
				CLANG_CXX_LIBRARY = "libc++";
				CLANG_ENABLE_MODULES = YES;
				CLANG_ENABLE_OBJC_ARC = YES;
				CLANG_ENABLE_OBJC_WEAK = YES;
				CLANG_WARN_BLOCK_CAPTURE_AUTORELEASING = YES;
				CLANG_WARN_BOOL_CONVERSION = YES;
				CLANG_WARN_COMMA = YES;
				CLANG_WARN_CONSTANT_CONVERSION = YES;
				CLANG_WARN_DEPRECATED_OBJC_IMPLEMENTATIONS = YES;
				CLANG_WARN_DIRECT_OBJC_ISA_USAGE = YES_ERROR;
				CLANG_WARN_DOCUMENTATION_COMMENTS = YES;
				CLANG_WARN_EMPTY_BODY = YES;
				CLANG_WARN_ENUM_CONVERSION = YES;
				CLANG_WARN_INFINITE_RECURSION = YES;
				CLANG_WARN_INT_CONVERSION = YES;
				CLANG_WARN_NON_LITERAL_NULL_CONVERSION = YES;
				CLANG_WARN_OBJC_IMPLICIT_RETAIN_SELF = YES;
				CLANG_WARN_OBJC_LITERAL_CONVERSION = YES;
				CLANG_WARN_OBJC_ROOT_CLASS = YES_ERROR;
				CLANG_WARN_RANGE_LOOP_ANALYSIS = YES;
				CLANG_WARN_STRICT_PROTOTYPES = YES;
				CLANG_WARN_SUSPICIOUS_MOVE = YES;
				CLANG_WARN_UNGUARDED_AVAILABILITY = YES_AGGRESSIVE;
				CLANG_WARN_UNREACHABLE_CODE = YES;
				CLANG_WARN__DUPLICATE_METHOD_MATCH = YES;
				CODE_SIGN_IDENTITY = "iPhone Developer";
				COPY_PHASE_STRIP = NO;
				DEBUG_INFORMATION_FORMAT = dwarf;
				ENABLE_STRICT_OBJC_MSGSEND = YES;
				ENABLE_TESTABILITY = YES;
				GCC_C_LANGUAGE_STANDARD = gnu11;
				GCC_DYNAMIC_NO_PIC = NO;
				GCC_NO_COMMON_BLOCKS = YES;
				GCC_OPTIMIZATION_LEVEL = 0;
				GCC_PREPROCESSOR_DEFINITIONS = (
					"DEBUG=1",
					"$(inherited)",
				);
				GCC_WARN_64_TO_32_BIT_CONVERSION = YES;
				GCC_WARN_ABOUT_RETURN_TYPE = YES_ERROR;
				GCC_WARN_UNDECLARED_SELECTOR = YES;
				GCC_WARN_UNINITIALIZED_AUTOS = YES_AGGRESSIVE;
				GCC_WARN_UNUSED_FUNCTION = YES;
				GCC_WARN_UNUSED_VARIABLE = YES;
				IPHONEOS_DEPLOYMENT_TARGET = 12.0;
				MTL_ENABLE_DEBUG_INFO = INCLUDE_SOURCE;
				MTL_FAST_MATH = YES;
				ONLY_ACTIVE_ARCH = YES;
				SDKROOT = iphoneos;
				SWIFT_ACTIVE_COMPILATION_CONDITIONS = DEBUG;
				SWIFT_OPTIMIZATION_LEVEL = "-Onone";
			};
			name = Debug;
		};
		E7B179B92237F03100EDD1B7 /* Release */ = {
			isa = XCBuildConfiguration;
			buildSettings = {
				ALWAYS_SEARCH_USER_PATHS = NO;
				CLANG_ANALYZER_NONNULL = YES;
				CLANG_ANALYZER_NUMBER_OBJECT_CONVERSION = YES_AGGRESSIVE;
				CLANG_CXX_LANGUAGE_STANDARD = "gnu++14";
				CLANG_CXX_LIBRARY = "libc++";
				CLANG_ENABLE_MODULES = YES;
				CLANG_ENABLE_OBJC_ARC = YES;
				CLANG_ENABLE_OBJC_WEAK = YES;
				CLANG_WARN_BLOCK_CAPTURE_AUTORELEASING = YES;
				CLANG_WARN_BOOL_CONVERSION = YES;
				CLANG_WARN_COMMA = YES;
				CLANG_WARN_CONSTANT_CONVERSION = YES;
				CLANG_WARN_DEPRECATED_OBJC_IMPLEMENTATIONS = YES;
				CLANG_WARN_DIRECT_OBJC_ISA_USAGE = YES_ERROR;
				CLANG_WARN_DOCUMENTATION_COMMENTS = YES;
				CLANG_WARN_EMPTY_BODY = YES;
				CLANG_WARN_ENUM_CONVERSION = YES;
				CLANG_WARN_INFINITE_RECURSION = YES;
				CLANG_WARN_INT_CONVERSION = YES;
				CLANG_WARN_NON_LITERAL_NULL_CONVERSION = YES;
				CLANG_WARN_OBJC_IMPLICIT_RETAIN_SELF = YES;
				CLANG_WARN_OBJC_LITERAL_CONVERSION = YES;
				CLANG_WARN_OBJC_ROOT_CLASS = YES_ERROR;
				CLANG_WARN_RANGE_LOOP_ANALYSIS = YES;
				CLANG_WARN_STRICT_PROTOTYPES = YES;
				CLANG_WARN_SUSPICIOUS_MOVE = YES;
				CLANG_WARN_UNGUARDED_AVAILABILITY = YES_AGGRESSIVE;
				CLANG_WARN_UNREACHABLE_CODE = YES;
				CLANG_WARN__DUPLICATE_METHOD_MATCH = YES;
				CODE_SIGN_IDENTITY = "iPhone Developer";
				COPY_PHASE_STRIP = NO;
				DEBUG_INFORMATION_FORMAT = "dwarf-with-dsym";
				ENABLE_NS_ASSERTIONS = NO;
				ENABLE_STRICT_OBJC_MSGSEND = YES;
				GCC_C_LANGUAGE_STANDARD = gnu11;
				GCC_NO_COMMON_BLOCKS = YES;
				GCC_WARN_64_TO_32_BIT_CONVERSION = YES;
				GCC_WARN_ABOUT_RETURN_TYPE = YES_ERROR;
				GCC_WARN_UNDECLARED_SELECTOR = YES;
				GCC_WARN_UNINITIALIZED_AUTOS = YES_AGGRESSIVE;
				GCC_WARN_UNUSED_FUNCTION = YES;
				GCC_WARN_UNUSED_VARIABLE = YES;
				IPHONEOS_DEPLOYMENT_TARGET = 12.0;
				MTL_ENABLE_DEBUG_INFO = NO;
				MTL_FAST_MATH = YES;
				SDKROOT = iphoneos;
				SWIFT_COMPILATION_MODE = wholemodule;
				SWIFT_OPTIMIZATION_LEVEL = "-O";
				VALIDATE_PRODUCT = YES;
			};
			name = Release;
		};
		E7B179BB2237F03100EDD1B7 /* Debug */ = {
			isa = XCBuildConfiguration;
			baseConfigurationReference = EF12868C8730D6104016B063 /* Pods-SimpleClock.debug.xcconfig */;
			buildSettings = {
				ASSETCATALOG_COMPILER_APPICON_NAME = AppIcon;
				CODE_SIGN_IDENTITY = "iPhone Developer";
				CODE_SIGN_STYLE = Automatic;
				DEVELOPMENT_TEAM = MSMWZ8UAD2;
				INFOPLIST_FILE = SimpleClock/Info.plist;
				IPHONEOS_DEPLOYMENT_TARGET = 12.0;
				LD_RUNPATH_SEARCH_PATHS = (
					"$(inherited)",
					"@executable_path/Frameworks",
				);
				PRODUCT_BUNDLE_IDENTIFIER = GuanAlan.SimpleClock;
				PRODUCT_NAME = "$(TARGET_NAME)";
				PROVISIONING_PROFILE_SPECIFIER = "";
				SWIFT_VERSION = 4.2;
				TARGETED_DEVICE_FAMILY = "1,2";
			};
			name = Debug;
		};
		E7B179BC2237F03100EDD1B7 /* Release */ = {
			isa = XCBuildConfiguration;
			baseConfigurationReference = 11B22A38EC8C0EE00FA2F94E /* Pods-SimpleClock.release.xcconfig */;
			buildSettings = {
				ASSETCATALOG_COMPILER_APPICON_NAME = AppIcon;
				CODE_SIGN_IDENTITY = "iPhone Developer";
				CODE_SIGN_STYLE = Automatic;
				DEVELOPMENT_TEAM = MSMWZ8UAD2;
				INFOPLIST_FILE = SimpleClock/Info.plist;
				IPHONEOS_DEPLOYMENT_TARGET = 12.0;
				LD_RUNPATH_SEARCH_PATHS = (
					"$(inherited)",
					"@executable_path/Frameworks",
				);
				PRODUCT_BUNDLE_IDENTIFIER = GuanAlan.SimpleClock;
				PRODUCT_NAME = "$(TARGET_NAME)";
				PROVISIONING_PROFILE_SPECIFIER = "";
				SWIFT_VERSION = 4.2;
				TARGETED_DEVICE_FAMILY = "1,2";
			};
			name = Release;
		};
/* End XCBuildConfiguration section */

/* Begin XCConfigurationList section */
		E7B179A32237F03000EDD1B7 /* Build configuration list for PBXProject "SimpleClock" */ = {
			isa = XCConfigurationList;
			buildConfigurations = (
				E7B179B82237F03100EDD1B7 /* Debug */,
				E7B179B92237F03100EDD1B7 /* Release */,
			);
			defaultConfigurationIsVisible = 0;
			defaultConfigurationName = Release;
		};
		E7B179BA2237F03100EDD1B7 /* Build configuration list for PBXNativeTarget "SimpleClock" */ = {
			isa = XCConfigurationList;
			buildConfigurations = (
				E7B179BB2237F03100EDD1B7 /* Debug */,
				E7B179BC2237F03100EDD1B7 /* Release */,
			);
			defaultConfigurationIsVisible = 0;
			defaultConfigurationName = Release;
		};
/* End XCConfigurationList section */
	};
	rootObject = E7B179A02237F03000EDD1B7 /* Project object */;
}
